
Microsoft Visual Studio Solution File, Format Version 12.00
# Visual Studio Version 17
VisualStudioVersion = 17.8.34330.188
MinimumVisualStudioVersion = 10.0.40219.1
Project("{FAE04EC0-301F-11D3-BF4B-00C04F79EFBC}") = "MauiBlazor", "MauiBlazor.csproj", "{79AAC7AF-D899-485B-8642-CC44465150D8}"
EndProject
Project("{FAE04EC0-301F-11D3-BF4B-00C04F79EFBC}") = "ClassLibrary", "..\ClassLibrary\ClassLibrary.csproj", "{9B8B0646-6EFA-424F-80A5-72DA923E7EE2}"
EndProject
Project("{FAE04EC0-301F-11D3-BF4B-00C04F79EFBC}") = "UnitTests", "..\UnitTests\UnitTests.csproj", "{9EA26972-62E7-4208-BE12-618073110DF6}"
EndProject
Project("{FAE04EC0-301F-11D3-BF4B-00C04F79EFBC}") = "HybricComponentsLibrary", "..\HybricComponentsLibrary\HybricComponentsLibrary.csproj", "{D395BA16-9B1D-4E64-BFB8-CBFEB2513A26}"
EndProject
Project("{FAE04EC0-301F-11D3-BF4B-00C04F79EFBC}") = "HybridTasksAppWeb", "..\HybridTasksAppWeb\HybridTasksAppWeb.csproj", "{39799C09-CCAA-4E45-9017-6E996CAEFCA3}"
EndProject
Global
	GlobalSection(SolutionConfigurationPlatforms) = preSolution
		Debug|Any CPU = Debug|Any CPU
		Release|Any CPU = Release|Any CPU
	EndGlobalSection
	GlobalSection(ProjectConfigurationPlatforms) = postSolution
		{79AAC7AF-D899-485B-8642-CC44465150D8}.Debug|Any CPU.ActiveCfg = Debug|Any CPU
		{79AAC7AF-D899-485B-8642-CC44465150D8}.Debug|Any CPU.Build.0 = Debug|Any CPU
		{79AAC7AF-D899-485B-8642-CC44465150D8}.Debug|Any CPU.Deploy.0 = Debug|Any CPU
		{79AAC7AF-D899-485B-8642-CC44465150D8}.Release|Any CPU.ActiveCfg = Release|Any CPU
		{79AAC7AF-D899-485B-8642-CC44465150D8}.Release|Any CPU.Build.0 = Release|Any CPU
		{79AAC7AF-D899-485B-8642-CC44465150D8}.Release|Any CPU.Deploy.0 = Release|Any CPU
		{9B8B0646-6EFA-424F-80A5-72DA923E7EE2}.Debug|Any CPU.ActiveCfg = Debug|Any CPU
		{9B8B0646-6EFA-424F-80A5-72DA923E7EE2}.Debug|Any CPU.Build.0 = Debug|Any CPU
		{9B8B0646-6EFA-424F-80A5-72DA923E7EE2}.Release|Any CPU.ActiveCfg = Release|Any CPU
		{9B8B0646-6EFA-424F-80A5-72DA923E7EE2}.Release|Any CPU.Build.0 = Release|Any CPU
		{9EA26972-62E7-4208-BE12-618073110DF6}.Debug|Any CPU.ActiveCfg = Debug|Any CPU
		{9EA26972-62E7-4208-BE12-618073110DF6}.Debug|Any CPU.Build.0 = Debug|Any CPU
		{9EA26972-62E7-4208-BE12-618073110DF6}.Release|Any CPU.ActiveCfg = Release|Any CPU
		{9EA26972-62E7-4208-BE12-618073110DF6}.Release|Any CPU.Build.0 = Release|Any CPU
		{D395BA16-9B1D-4E64-BFB8-CBFEB2513A26}.Debug|Any CPU.ActiveCfg = Debug|Any CPU
		{D395BA16-9B1D-4E64-BFB8-CBFEB2513A26}.Debug|Any CPU.Build.0 = Debug|Any CPU
		{D395BA16-9B1D-4E64-BFB8-CBFEB2513A26}.Release|Any CPU.ActiveCfg = Release|Any CPU
		{D395BA16-9B1D-4E64-BFB8-CBFEB2513A26}.Release|Any CPU.Build.0 = Release|Any CPU
		{39799C09-CCAA-4E45-9017-6E996CAEFCA3}.Debug|Any CPU.ActiveCfg = Debug|Any CPU
		{39799C09-CCAA-4E45-9017-6E996CAEFCA3}.Debug|Any CPU.Build.0 = Debug|Any CPU
		{39799C09-CCAA-4E45-9017-6E996CAEFCA3}.Release|Any CPU.ActiveCfg = Release|Any CPU
		{39799C09-CCAA-4E45-9017-6E996CAEFCA3}.Release|Any CPU.Build.0 = Release|Any CPU
	EndGlobalSection
	GlobalSection(SolutionProperties) = preSolution
		HideSolutionNode = FALSE
	EndGlobalSection
	GlobalSection(ExtensibilityGlobals) = postSolution
		SolutionGuid = {F5BF3BA5-F898-4BC2-BF8D-9C4EEAFECB83}
	EndGlobalSection
EndGlobal
