Microsoft Visual Studio Solution File, Format Version 12.00
# Visual Studio Version 17
VisualStudioVersion = 17.5.2.0
MinimumVisualStudioVersion = 10.0.40219.1
Project("{FAE04EC0-301F-11D3-BF4B-00C04F79EFBC}") = "MauiSkiaSharp", "MauiSkiaSharp.csproj", "{678FF839-878B-123A-C843-3129305A3021}"
EndProject
Global
	GlobalSection(SolutionConfigurationPlatforms) = preSolution
		Debug|Any CPU = Debug|Any CPU
		Release|Any CPU = Release|Any CPU
	EndGlobalSection
	GlobalSection(ProjectConfigurationPlatforms) = postSolution
		{678FF839-878B-123A-C843-3129305A3021}.Debug|Any CPU.ActiveCfg = Debug|Any CPU
		{678FF839-878B-123A-C843-3129305A3021}.Debug|Any CPU.Build.0 = Debug|Any CPU
		{678FF839-878B-123A-C843-3129305A3021}.Release|Any CPU.ActiveCfg = Release|Any CPU
		{678FF839-878B-123A-C843-3129305A3021}.Release|Any CPU.Build.0 = Release|Any CPU
	EndGlobalSection
	GlobalSection(SolutionProperties) = preSolution
		HideSolutionNode = FALSE
	EndGlobalSection
	GlobalSection(ExtensibilityGlobals) = postSolution
		SolutionGuid = {F8A8350A-A618-4E90-9350-406164AA75D2}
	EndGlobalSection
EndGlobal
