
Microsoft Visual Studio Solution File, Format Version 12.00
# Visual Studio Version 17
VisualStudioVersion = 17.12.35707.178
MinimumVisualStudioVersion = 10.0.40219.1
Project("{FAE04EC0-301F-11D3-BF4B-00C04F79EFBC}") = "TicketsDataAggregator", "TicketsDataAggregator\TicketsDataAggregator.csproj", "{4168B2F6-0CC2-4061-B5F3-851C288362E8}"
EndProject
Project("{FAE04EC0-301F-11D3-BF4B-00C04F79EFBC}") = "NumericTypes", "NumericTypes\NumericTypes.csproj", "{AA423D07-5D2F-42D5-A0DC-858BAFBF7FC3}"
EndProject
Project("{FAE04EC0-301F-11D3-BF4B-00C04F79EFBC}") = "CustomMCP", "CustomMCP\CustomMCP.csproj", "{4826309E-9346-4117-AD05-7E7F478C61E1}"
EndProject
Project("{FAE04EC0-301F-11D3-BF4B-00C04F79EFBC}") = "Events", "Events\Events.csproj", "{688B9AE3-ED59-4CF3-92DB-AD1E32A5DD4D}"
EndProject
Project("{FAE04EC0-301F-11D3-BF4B-00C04F79EFBC}") = "NumericTypesSuggesterForm", "NumericTypesSuggesterForm\NumericTypesSuggesterForm.csproj", "{3977A6D3-1DBA-4665-BBDC-37C2DAA994B7}"
EndProject
Global
	GlobalSection(SolutionConfigurationPlatforms) = preSolution
		Debug|Any CPU = Debug|Any CPU
		Release|Any CPU = Release|Any CPU
	EndGlobalSection
	GlobalSection(ProjectConfigurationPlatforms) = postSolution
		{4168B2F6-0CC2-4061-B5F3-851C288362E8}.Debug|Any CPU.ActiveCfg = Debug|Any CPU
		{4168B2F6-0CC2-4061-B5F3-851C288362E8}.Debug|Any CPU.Build.0 = Debug|Any CPU
		{4168B2F6-0CC2-4061-B5F3-851C288362E8}.Release|Any CPU.ActiveCfg = Release|Any CPU
		{4168B2F6-0CC2-4061-B5F3-851C288362E8}.Release|Any CPU.Build.0 = Release|Any CPU
		{AA423D07-5D2F-42D5-A0DC-858BAFBF7FC3}.Debug|Any CPU.ActiveCfg = Debug|Any CPU
		{AA423D07-5D2F-42D5-A0DC-858BAFBF7FC3}.Debug|Any CPU.Build.0 = Debug|Any CPU
		{AA423D07-5D2F-42D5-A0DC-858BAFBF7FC3}.Release|Any CPU.ActiveCfg = Release|Any CPU
		{AA423D07-5D2F-42D5-A0DC-858BAFBF7FC3}.Release|Any CPU.Build.0 = Release|Any CPU
		{4826309E-9346-4117-AD05-7E7F478C61E1}.Debug|Any CPU.ActiveCfg = Debug|Any CPU
		{4826309E-9346-4117-AD05-7E7F478C61E1}.Debug|Any CPU.Build.0 = Debug|Any CPU
		{4826309E-9346-4117-AD05-7E7F478C61E1}.Release|Any CPU.ActiveCfg = Release|Any CPU
		{4826309E-9346-4117-AD05-7E7F478C61E1}.Release|Any CPU.Build.0 = Release|Any CPU
		{688B9AE3-ED59-4CF3-92DB-AD1E32A5DD4D}.Debug|Any CPU.ActiveCfg = Debug|Any CPU
		{688B9AE3-ED59-4CF3-92DB-AD1E32A5DD4D}.Debug|Any CPU.Build.0 = Debug|Any CPU
		{688B9AE3-ED59-4CF3-92DB-AD1E32A5DD4D}.Release|Any CPU.ActiveCfg = Release|Any CPU
		{688B9AE3-ED59-4CF3-92DB-AD1E32A5DD4D}.Release|Any CPU.Build.0 = Release|Any CPU
		{3977A6D3-1DBA-4665-BBDC-37C2DAA994B7}.Debug|Any CPU.ActiveCfg = Debug|Any CPU
		{3977A6D3-1DBA-4665-BBDC-37C2DAA994B7}.Debug|Any CPU.Build.0 = Debug|Any CPU
		{3977A6D3-1DBA-4665-BBDC-37C2DAA994B7}.Release|Any CPU.ActiveCfg = Release|Any CPU
		{3977A6D3-1DBA-4665-BBDC-37C2DAA994B7}.Release|Any CPU.Build.0 = Release|Any CPU
	EndGlobalSection
	GlobalSection(SolutionProperties) = preSolution
		HideSolutionNode = FALSE
	EndGlobalSection
EndGlobal
