Microsoft Visual Studio Solution File, Format Version 12.00
# Visual Studio Version 17
VisualStudioVersion = 17.5.2.0
MinimumVisualStudioVersion = 10.0.40219.1
Project("{FAE04EC0-301F-11D3-BF4B-00C04F79EFBC}") = "MauiCanvasCore", "MauiCanvasCore.csproj", "{16978E3B-91DF-4AF1-6AE3-E6CC12E36AE8}"
EndProject
Global
	GlobalSection(SolutionConfigurationPlatforms) = preSolution
		Debug|Any CPU = Debug|Any CPU
		Release|Any CPU = Release|Any CPU
	EndGlobalSection
	GlobalSection(ProjectConfigurationPlatforms) = postSolution
		{16978E3B-91DF-4AF1-6AE3-E6CC12E36AE8}.Debug|Any CPU.ActiveCfg = Debug|Any CPU
		{16978E3B-91DF-4AF1-6AE3-E6CC12E36AE8}.Debug|Any CPU.Build.0 = Debug|Any CPU
		{16978E3B-91DF-4AF1-6AE3-E6CC12E36AE8}.Release|Any CPU.ActiveCfg = Release|Any CPU
		{16978E3B-91DF-4AF1-6AE3-E6CC12E36AE8}.Release|Any CPU.Build.0 = Release|Any CPU
	EndGlobalSection
	GlobalSection(SolutionProperties) = preSolution
		HideSolutionNode = FALSE
	EndGlobalSection
	GlobalSection(ExtensibilityGlobals) = postSolution
		SolutionGuid = {33CE4691-92A6-4058-89B7-537224BAF30C}
	EndGlobalSection
EndGlobal
